Microsoft Visual Studio Solution File, Format Version 8.00
Project("{8BC9CEB8-8B4A-11D0-8D11-00A0C91BC942}") = "testSqPlus2", "testSqPlus271.vcproj", "{08DE03E4-0F73-4B85-97CF-8C8C6D362865}"
	ProjectSection(ProjectDependencies) = postProject
		{F9811314-C694-49A4-BD87-BA2E7F30D358} = {F9811314-C694-49A4-BD87-BA2E7F30D358}
		{21FFCF49-0D09-41D3-8A04-F47A0890F27A} = {21FFCF49-0D09-41D3-8A04-F47A0890F27A}
		{D2EB28F5-6B67-4823-8051-B564EF852CED} = {D2EB28F5-6B67-4823-8051-B564EF852CED}
	EndProjectSection
EndProject
Project("{8BC9CEB8-8B4A-11D0-8D11-00A0C91BC942}") = "sqplus", "..\sqplus\sqplus71.vcproj", "{F9811314-C694-49A4-BD87-BA2E7F30D358}"
	ProjectSection(ProjectDependencies) = postProject
	EndProjectSection
EndProject
Project("{8BC9CEB8-8B4A-11D0-8D11-00A0C91BC942}") = "squirrel", "..\squirrel\squirrel71.vcproj", "{D2EB28F5-6B67-4823-8051-B564EF852CED}"
	ProjectSection(ProjectDependencies) = postProject
	EndProjectSection
EndProject
Project("{8BC9CEB8-8B4A-11D0-8D11-00A0C91BC942}") = "sqstdlib", "..\sqstdlib\sqstdlib71.vcproj", "{21FFCF49-0D09-41D3-8A04-F47A0890F27A}"
	ProjectSection(ProjectDependencies) = postProject
	EndProjectSection
EndProject
Global
	GlobalSection(SolutionConfiguration) = preSolution
		Debug = Debug
		Release = Release
	EndGlobalSection
	GlobalSection(ProjectConfiguration) = postSolution
		{08DE03E4-0F73-4B85-97CF-8C8C6D362865}.Debug.ActiveCfg = Debug|Win32
		{08DE03E4-0F73-4B85-97CF-8C8C6D362865}.Debug.Build.0 = Debug|Win32
		{08DE03E4-0F73-4B85-97CF-8C8C6D362865}.Release.ActiveCfg = Release|Win32
		{08DE03E4-0F73-4B85-97CF-8C8C6D362865}.Release.Build.0 = Release|Win32
		{F9811314-C694-49A4-BD87-BA2E7F30D358}.Debug.ActiveCfg = Debug|Win32
		{F9811314-C694-49A4-BD87-BA2E7F30D358}.Debug.Build.0 = Debug|Win32
		{F9811314-C694-49A4-BD87-BA2E7F30D358}.Release.ActiveCfg = Release|Win32
		{F9811314-C694-49A4-BD87-BA2E7F30D358}.Release.Build.0 = Release|Win32
		{D2EB28F5-6B67-4823-8051-B564EF852CED}.Debug.ActiveCfg = Debug|Win32
		{D2EB28F5-6B67-4823-8051-B564EF852CED}.Debug.Build.0 = Debug|Win32
		{D2EB28F5-6B67-4823-8051-B564EF852CED}.Release.ActiveCfg = Release|Win32
		{D2EB28F5-6B67-4823-8051-B564EF852CED}.Release.Build.0 = Release|Win32
		{21FFCF49-0D09-41D3-8A04-F47A0890F27A}.Debug.ActiveCfg = Debug|Win32
		{21FFCF49-0D09-41D3-8A04-F47A0890F27A}.Debug.Build.0 = Debug|Win32
		{21FFCF49-0D09-41D3-8A04-F47A0890F27A}.Release.ActiveCfg = Release|Win32
		{21FFCF49-0D09-41D3-8A04-F47A0890F27A}.Release.Build.0 = Release|Win32
	EndGlobalSection
	GlobalSection(ExtensibilityGlobals) = postSolution
	EndGlobalSection
	GlobalSection(ExtensibilityAddIns) = postSolution
	EndGlobalSection
EndGlobal
