Microsoft Visual Studio Solution File, Format Version 8.00
Project("{8BC9CEB8-8B4A-11D0-8D11-00A0C91BC942}") = "DXSquirrel", "DXSquirrel71.vcproj", "{63D317C8-DF36-49A8-BA6A-EE52C752685E}"
	ProjectSection(ProjectDependencies) = postProject
	EndProjectSection
EndProject
Global
	GlobalSection(DPCodeReviewSolutionGUID) = preSolution
		DPCodeReviewSolutionGUID = {00000000-0000-0000-0000-000000000000}
	EndGlobalSection
	GlobalSection(SolutionConfiguration) = preSolution
		Debug = Debug
		Release = Release
	EndGlobalSection
	GlobalSection(ProjectConfiguration) = postSolution
		{63D317C8-DF36-49A8-BA6A-EE52C752685E}.Debug.ActiveCfg = Debug|Win32
		{63D317C8-DF36-49A8-BA6A-EE52C752685E}.Debug.Build.0 = Debug|Win32
		{63D317C8-DF36-49A8-BA6A-EE52C752685E}.Release.ActiveCfg = Release|Win32
		{63D317C8-DF36-49A8-BA6A-EE52C752685E}.Release.Build.0 = Release|Win32
	EndGlobalSection
	GlobalSection(ExtensibilityGlobals) = postSolution
	EndGlobalSection
	GlobalSection(ExtensibilityAddIns) = postSolution
	EndGlobalSection
EndGlobal
